{
  "name": "@pyrlyn/runa-brand",
  "version": "0.1.0",
  "lockfileVersion": 3,
  "requires": true,
  "packages": {
    "": {
      "name": "@pyrlyn/runa-brand",
      "version": "0.1.0",
      "license": "SEE LICENSE IN README.md",
      "dependencies": {
        "@pyrlyn/brand": "github:pyrlyn/brand#v0.4.0"
      },
      "engines": {
        "node": ">=18"
      }
    },
    "node_modules/@pyrlyn/brand": {
      "version": "0.4.0",
      "resolved": "git+ssh://git@github.com/pyrlyn/brand.git#4dbf9a3fbe8eb88e00016873f3290cb9256be1d9",
      "license": "SEE LICENSE IN README.md",
      "bin": {
        "pyrlyn-brand-copy": "bin/pyrlyn-brand-copy.mjs"
      },
      "engines": {
        "node": ">=18"
      }
    }
  }
}
